
Microsoft Visual Studio Solution File, Format Version 12.00
# Visual Studio Version 16
VisualStudioVersion = 16.0.31424.327
MinimumVisualStudioVersion = 10.0.40219.1
Project("{FAE04EC0-301F-11D3-BF4B-00C04F79EFBC}") = "ProdCad", "ProdCad\ProdCad.csproj", "{D28535CE-46CF-4919-A85A-AD79CBAD2CF5}"
EndProject
Global
	GlobalSection(SolutionConfigurationPlatforms) = preSolution
		Debug|Any CPU = Debug|Any CPU
		Release|Any CPU = Release|Any CPU
	EndGlobalSection
	GlobalSection(ProjectConfigurationPlatforms) = postSolution
		{D28535CE-46CF-4919-A85A-AD79CBAD2CF5}.Debug|Any CPU.ActiveCfg = Debug|Any CPU
		{D28535CE-46CF-4919-A85A-AD79CBAD2CF5}.Debug|Any CPU.Build.0 = Debug|Any CPU
		{D28535CE-46CF-4919-A85A-AD79CBAD2CF5}.Release|Any CPU.ActiveCfg = Release|Any CPU
		{D28535CE-46CF-4919-A85A-AD79CBAD2CF5}.Release|Any CPU.Build.0 = Release|Any CPU
	EndGlobalSection
	GlobalSection(SolutionProperties) = preSolution
		HideSolutionNode = FALSE
	EndGlobalSection
	GlobalSection(ExtensibilityGlobals) = postSolution
		SolutionGuid = {534B3860-8FB5-4112-B10D-C51E2656F2E5}
	EndGlobalSection
EndGlobal
